
Microsoft Visual Studio Solution File, Format Version 12.00
# Visual Studio Version 17
VisualStudioVersion = 17.8.34316.72
MinimumVisualStudioVersion = 10.0.40219.1
Project("{8BC9CEB8-8B4A-11D0-8D11-00A0C91BC942}") = "lab6", "lab6\lab6.vcxproj", "{922C8C02-1EFF-4B14-AEE2-629B6B6580E0}"
EndProject
Global
	GlobalSection(SolutionConfigurationPlatforms) = preSolution
		Debug|x64 = Debug|x64
		Debug|x86 = Debug|x86
		Release|x64 = Release|x64
		Release|x86 = Release|x86
	EndGlobalSection
	GlobalSection(ProjectConfigurationPlatforms) = postSolution
		{922C8C02-1EFF-4B14-AEE2-629B6B6580E0}.Debug|x64.ActiveCfg = Debug|x64
		{922C8C02-1EFF-4B14-AEE2-629B6B6580E0}.Debug|x64.Build.0 = Debug|x64
		{922C8C02-1EFF-4B14-AEE2-629B6B6580E0}.Debug|x86.ActiveCfg = Debug|Win32
		{922C8C02-1EFF-4B14-AEE2-629B6B6580E0}.Debug|x86.Build.0 = Debug|Win32
		{922C8C02-1EFF-4B14-AEE2-629B6B6580E0}.Release|x64.ActiveCfg = Release|x64
		{922C8C02-1EFF-4B14-AEE2-629B6B6580E0}.Release|x64.Build.0 = Release|x64
		{922C8C02-1EFF-4B14-AEE2-629B6B6580E0}.Release|x86.ActiveCfg = Release|Win32
		{922C8C02-1EFF-4B14-AEE2-629B6B6580E0}.Release|x86.Build.0 = Release|Win32
	EndGlobalSection
	GlobalSection(SolutionProperties) = preSolution
		HideSolutionNode = FALSE
	EndGlobalSection
	GlobalSection(ExtensibilityGlobals) = postSolution
		SolutionGuid = {A5863FAA-EB92-4CA6-828D-A12085DE78C3}
	EndGlobalSection
EndGlobal
